
Microsoft Visual Studio Solution File, Format Version 12.00
# Visual Studio 15
VisualStudioVersion = 15.0.27428.2011
MinimumVisualStudioVersion = 10.0.40219.1
Project("{8BC9CEB8-8B4A-11D0-8D11-00A0C91BC942}") = "ConsoleApplication1", "ConsoleApplication1\ConsoleApplication1.vcxproj", "{B7E0E02E-038F-4B46-B4CF-4EC441989C9B}"
EndProject
Global
	GlobalSection(SolutionConfigurationPlatforms) = preSolution
		Debug|x64 = Debug|x64
		Debug|x86 = Debug|x86
		Release|x64 = Release|x64
		Release|x86 = Release|x86
	EndGlobalSection
	GlobalSection(ProjectConfigurationPlatforms) = postSolution
		{B7E0E02E-038F-4B46-B4CF-4EC441989C9B}.Debug|x64.ActiveCfg = Debug|x64
		{B7E0E02E-038F-4B46-B4CF-4EC441989C9B}.Debug|x64.Build.0 = Debug|x64
		{B7E0E02E-038F-4B46-B4CF-4EC441989C9B}.Debug|x86.ActiveCfg = Debug|Win32
		{B7E0E02E-038F-4B46-B4CF-4EC441989C9B}.Debug|x86.Build.0 = Debug|Win32
		{B7E0E02E-038F-4B46-B4CF-4EC441989C9B}.Release|x64.ActiveCfg = Release|x64
		{B7E0E02E-038F-4B46-B4CF-4EC441989C9B}.Release|x64.Build.0 = Release|x64
		{B7E0E02E-038F-4B46-B4CF-4EC441989C9B}.Release|x86.ActiveCfg = Release|Win32
		{B7E0E02E-038F-4B46-B4CF-4EC441989C9B}.Release|x86.Build.0 = Release|Win32
	EndGlobalSection
	GlobalSection(SolutionProperties) = preSolution
		HideSolutionNode = FALSE
	EndGlobalSection
	GlobalSection(ExtensibilityGlobals) = postSolution
		SolutionGuid = {756C8213-C66A-4FB9-9624-802511E0D897}
	EndGlobalSection
EndGlobal
